
Microsoft Visual Studio Solution File, Format Version 12.00
# Visual Studio 2012
Project("{FAE04EC0-301F-11D3-BF4B-00C04F79EFBC}") = "МатФиз_Вар1_Прогонка", "МатФиз_Вар1_Прогонка\МатФиз_Вар1_Прогонка.csproj", "{B4C76473-E1AC-48D9-840E-2889B719E5CE}"
EndProject
Global
	GlobalSection(SolutionConfigurationPlatforms) = preSolution
		Debug|Any CPU = Debug|Any CPU
		Release|Any CPU = Release|Any CPU
	EndGlobalSection
	GlobalSection(ProjectConfigurationPlatforms) = postSolution
		{B4C76473-E1AC-48D9-840E-2889B719E5CE}.Debug|Any CPU.ActiveCfg = Debug|Any CPU
		{B4C76473-E1AC-48D9-840E-2889B719E5CE}.Debug|Any CPU.Build.0 = Debug|Any CPU
		{B4C76473-E1AC-48D9-840E-2889B719E5CE}.Release|Any CPU.ActiveCfg = Release|Any CPU
		{B4C76473-E1AC-48D9-840E-2889B719E5CE}.Release|Any CPU.Build.0 = Release|Any CPU
	EndGlobalSection
	GlobalSection(SolutionProperties) = preSolution
		HideSolutionNode = FALSE
	EndGlobalSection
EndGlobal
